// !$*UTF8*$!
{
	archiveVersion = 1;
	classes = {
	};
	objectVersion = 56;
	objects = {

/* Begin PBXBuildFile section */
		3212989C2981BA250022CF4E /* AdviceLoad.swift in Sources */ = {isa = PBXBuildFile; fileRef = 3212989B2981BA250022CF4E /* AdviceLoad.swift */; };
		322AC8E3296222AB0040DBC3 /* ToDoPomodorosApp.swift in Sources */ = {isa = PBXBuildFile; fileRef = 322AC8E2296222AB0040DBC3 /* ToDoPomodorosApp.swift */; };
		322AC8E5296222AB0040DBC3 /* TodoListView.swift in Sources */ = {isa = PBXBuildFile; fileRef = 322AC8E4296222AB0040DBC3 /* TodoListView.swift */; };
		322AC8E7296222B10040DBC3 /* Assets.xcassets in Resources */ = {isa = PBXBuildFile; fileRef = 322AC8E6296222B10040DBC3 /* Assets.xcassets */; };
		322AC8EA296222B10040DBC3 /* Preview Assets.xcassets in Resources */ = {isa = PBXBuildFile; fileRef = 322AC8E9296222B10040DBC3 /* Preview Assets.xcassets */; };
		32A43967297C44FF00A6ACB2 /* ToDoPomodorosModel.xcdatamodeld in Sources */ = {isa = PBXBuildFile; fileRef = 32A43965297C44FF00A6ACB2 /* ToDoPomodorosModel.xcdatamodeld */; };
		32A43969297C46BE00A6ACB2 /* CoreDataManager.swift in Sources */ = {isa = PBXBuildFile; fileRef = 32A43968297C46BE00A6ACB2 /* CoreDataManager.swift */; };
		32B061EA296A224B0083357C /* Advice.swift in Sources */ = {isa = PBXBuildFile; fileRef = 32B061E9296A224B0083357C /* Advice.swift */; };
		32B061EC296A25C50083357C /* PomodoroView.swift in Sources */ = {isa = PBXBuildFile; fileRef = 32B061EB296A25C50083357C /* PomodoroView.swift */; };
/* End PBXBuildFile section */

/* Begin PBXFileReference section */
		3212989B2981BA250022CF4E /* AdviceLoad.swift */ = {isa = PBXFileReference; lastKnownFileType = sourcecode.swift; path = AdviceLoad.swift; sourceTree = "<group>"; };
		322AC8DF296222AB0040DBC3 /* ToDoPomodoros.app */ = {isa = PBXFileReference; explicitFileType = wrapper.application; includeInIndex = 0; path = ToDoPomodoros.app; sourceTree = BUILT_PRODUCTS_DIR; };
		322AC8E2296222AB0040DBC3 /* ToDoPomodorosApp.swift */ = {isa = PBXFileReference; lastKnownFileType = sourcecode.swift; path = ToDoPomodorosApp.swift; sourceTree = "<group>"; };
		322AC8E4296222AB0040DBC3 /* TodoListView.swift */ = {isa = PBXFileReference; lastKnownFileType = sourcecode.swift; path = TodoListView.swift; sourceTree = "<group>"; };
		322AC8E6296222B10040DBC3 /* Assets.xcassets */ = {isa = PBXFileReference; lastKnownFileType = folder.assetcatalog; path = Assets.xcassets; sourceTree = "<group>"; };
		322AC8E9296222B10040DBC3 /* Preview Assets.xcassets */ = {isa = PBXFileReference; lastKnownFileType = folder.assetcatalog; path = "Preview Assets.xcassets"; sourceTree = "<group>"; };
		32A43966297C44FF00A6ACB2 /* ToDoPomodorosModel.xcdatamodel */ = {isa = PBXFileReference; lastKnownFileType = wrapper.xcdatamodel; path = ToDoPomodorosModel.xcdatamodel; sourceTree = "<group>"; };
		32A43968297C46BE00A6ACB2 /* CoreDataManager.swift */ = {isa = PBXFileReference; lastKnownFileType = sourcecode.swift; path = CoreDataManager.swift; sourceTree = "<group>"; };
		32B061E9296A224B0083357C /* Advice.swift */ = {isa = PBXFileReference; lastKnownFileType = sourcecode.swift; path = Advice.swift; sourceTree = "<group>"; };
		32B061EB296A25C50083357C /* PomodoroView.swift */ = {isa = PBXFileReference; lastKnownFileType = sourcecode.swift; path = PomodoroView.swift; sourceTree = "<group>"; };
/* End PBXFileReference section */

/* Begin PBXFrameworksBuildPhase section */
		322AC8DC296222AB0040DBC3 /* Frameworks */ = {
			isa = PBXFrameworksBuildPhase;
			buildActionMask = 2147483647;
			files = (
			);
			runOnlyForDeploymentPostprocessing = 0;
		};
/* End PBXFrameworksBuildPhase section */

/* Begin PBXGroup section */
		3212989D2981D88C0022CF4E /* ViewModels */ = {
			isa = PBXGroup;
			children = (
				3212989B2981BA250022CF4E /* AdviceLoad.swift */,
			);
			path = ViewModels;
			sourceTree = "<group>";
		};
		3212989E2981D8AD0022CF4E /* Models */ = {
			isa = PBXGroup;
			children = (
				32B061E9296A224B0083357C /* Advice.swift */,
				32A43968297C46BE00A6ACB2 /* CoreDataManager.swift */,
				32A43965297C44FF00A6ACB2 /* ToDoPomodorosModel.xcdatamodeld */,
			);
			path = Models;
			sourceTree = "<group>";
		};
		3212989F2981D8C70022CF4E /* Views */ = {
			isa = PBXGroup;
			children = (
				322AC8E4296222AB0040DBC3 /* TodoListView.swift */,
				32B061EB296A25C50083357C /* PomodoroView.swift */,
			);
			path = Views;
			sourceTree = "<group>";
		};
		322AC8D6296222AB0040DBC3 = {
			isa = PBXGroup;
			children = (
				322AC8E1296222AB0040DBC3 /* ToDoPomodoros */,
				322AC8E0296222AB0040DBC3 /* Products */,
			);
			sourceTree = "<group>";
		};
		322AC8E0296222AB0040DBC3 /* Products */ = {
			isa = PBXGroup;
			children = (
				322AC8DF296222AB0040DBC3 /* ToDoPomodoros.app */,
			);
			name = Products;
			sourceTree = "<group>";
		};
		322AC8E1296222AB0040DBC3 /* ToDoPomodoros */ = {
			isa = PBXGroup;
			children = (
				322AC8E2296222AB0040DBC3 /* ToDoPomodorosApp.swift */,
				3212989F2981D8C70022CF4E /* Views */,
				3212989E2981D8AD0022CF4E /* Models */,
				3212989D2981D88C0022CF4E /* ViewModels */,
				322AC8E8296222B10040DBC3 /* Preview Content */,
				322AC8E6296222B10040DBC3 /* Assets.xcassets */,
			);
			path = ToDoPomodoros;
			sourceTree = "<group>";
		};
		322AC8E8296222B10040DBC3 /* Preview Content */ = {
			isa = PBXGroup;
			children = (
				322AC8E9296222B10040DBC3 /* Preview Assets.xcassets */,
			);
			path = "Preview Content";
			sourceTree = "<group>";
		};
/* End PBXGroup section */

/* Begin PBXNativeTarget section */
		322AC8DE296222AB0040DBC3 /* ToDoPomodoros */ = {
			isa = PBXNativeTarget;
			buildConfigurationList = 322AC8ED296222B10040DBC3 /* Build configuration list for PBXNativeTarget "ToDoPomodoros" */;
			buildPhases = (
				322AC8DB296222AB0040DBC3 /* Sources */,
				322AC8DC296222AB0040DBC3 /* Frameworks */,
				322AC8DD296222AB0040DBC3 /* Resources */,
			);
			buildRules = (
			);
			dependencies = (
			);
			name = ToDoPomodoros;
			productName = ToDoPomodoros;
			productReference = 322AC8DF296222AB0040DBC3 /* ToDoPomodoros.app */;
			productType = "com.apple.product-type.application";
		};
/* End PBXNativeTarget section */

/* Begin PBXProject section */
		322AC8D7296222AB0040DBC3 /* Project object */ = {
			isa = PBXProject;
			attributes = {
				BuildIndependentTargetsInParallel = 1;
				LastSwiftUpdateCheck = 1410;
				LastUpgradeCheck = 1410;
				TargetAttributes = {
					322AC8DE296222AB0040DBC3 = {
						CreatedOnToolsVersion = 14.1;
					};
				};
			};
			buildConfigurationList = 322AC8DA296222AB0040DBC3 /* Build configuration list for PBXProject "ToDoPomodoros" */;
			compatibilityVersion = "Xcode 14.0";
			developmentRegion = en;
			hasScannedForEncodings = 0;
			knownRegions = (
				en,
				Base,
			);
			mainGroup = 322AC8D6296222AB0040DBC3;
			productRefGroup = 322AC8E0296222AB0040DBC3 /* Products */;
			projectDirPath = "";
			projectRoot = "";
			targets = (
				322AC8DE296222AB0040DBC3 /* ToDoPomodoros */,
			);
		};
/* End PBXProject section */

/* Begin PBXResourcesBuildPhase section */
		322AC8DD296222AB0040DBC3 /* Resources */ = {
			isa = PBXResourcesBuildPhase;
			buildActionMask = 2147483647;
			files = (
				322AC8EA296222B10040DBC3 /* Preview Assets.xcassets in Resources */,
				322AC8E7296222B10040DBC3 /* Assets.xcassets in Resources */,
			);
			runOnlyForDeploymentPostprocessing = 0;
		};
/* End PBXResourcesBuildPhase section */

/* Begin PBXSourcesBuildPhase section */
		322AC8DB296222AB0040DBC3 /* Sources */ = {
			isa = PBXSourcesBuildPhase;
			buildActionMask = 2147483647;
			files = (
				32A43969297C46BE00A6ACB2 /* CoreDataManager.swift in Sources */,
				32A43967297C44FF00A6ACB2 /* ToDoPomodorosModel.xcdatamodeld in Sources */,
				322AC8E5296222AB0040DBC3 /* TodoListView.swift in Sources */,
				32B061EC296A25C50083357C /* PomodoroView.swift in Sources */,
				322AC8E3296222AB0040DBC3 /* ToDoPomodorosApp.swift in Sources */,
				3212989C2981BA250022CF4E /* AdviceLoad.swift in Sources */,
				32B061EA296A224B0083357C /* Advice.swift in Sources */,
			);
			runOnlyForDeploymentPostprocessing = 0;
		};
/* End PBXSourcesBuildPhase section */

/* Begin XCBuildConfiguration section */
		322AC8EB296222B10040DBC3 /* Debug */ = {
			isa = XCBuildConfiguration;
			buildSettings = {
				ALWAYS_SEARCH_USER_PATHS = NO;
				CLANG_ANALYZER_NONNULL = YES;
				CLANG_ANALYZER_NUMBER_OBJECT_CONVERSION = YES_AGGRESSIVE;
				CLANG_CXX_LANGUAGE_STANDARD = "gnu++20";
				CLANG_ENABLE_MODULES = YES;
				CLANG_ENABLE_OBJC_ARC = YES;
				CLANG_ENABLE_OBJC_WEAK = YES;
				CLANG_WARN_BLOCK_CAPTURE_AUTORELEASING = YES;
				CLANG_WARN_BOOL_CONVERSION = YES;
				CLANG_WARN_COMMA = YES;
				CLANG_WARN_CONSTANT_CONVERSION = YES;
				CLANG_WARN_DEPRECATED_OBJC_IMPLEMENTATIONS = YES;
				CLANG_WARN_DIRECT_OBJC_ISA_USAGE = YES_ERROR;
				CLANG_WARN_DOCUMENTATION_COMMENTS = YES;
				CLANG_WARN_EMPTY_BODY = YES;
				CLANG_WARN_ENUM_CONVERSION = YES;
				CLANG_WARN_INFINITE_RECURSION = YES;
				CLANG_WARN_INT_CONVERSION = YES;
				CLANG_WARN_NON_LITERAL_NULL_CONVERSION = YES;
				CLANG_WARN_OBJC_IMPLICIT_RETAIN_SELF = YES;
				CLANG_WARN_OBJC_LITERAL_CONVERSION = YES;
				CLANG_WARN_OBJC_ROOT_CLASS = YES_ERROR;
				CLANG_WARN_QUOTED_INCLUDE_IN_FRAMEWORK_HEADER = YES;
				CLANG_WARN_RANGE_LOOP_ANALYSIS = YES;
				CLANG_WARN_STRICT_PROTOTYPES = YES;
				CLANG_WARN_SUSPICIOUS_MOVE = YES;
				CLANG_WARN_UNGUARDED_AVAILABILITY = YES_AGGRESSIVE;
				CLANG_WARN_UNREACHABLE_CODE = YES;
				CLANG_WARN__DUPLICATE_METHOD_MATCH = YES;
				COPY_PHASE_STRIP = NO;
				DEBUG_INFORMATION_FORMAT = dwarf;
				ENABLE_STRICT_OBJC_MSGSEND = YES;
				ENABLE_TESTABILITY = YES;
				GCC_C_LANGUAGE_STANDARD = gnu11;
				GCC_DYNAMIC_NO_PIC = NO;
				GCC_NO_COMMON_BLOCKS = YES;
				GCC_OPTIMIZATION_LEVEL = 0;
				GCC_PREPROCESSOR_DEFINITIONS = (
					"DEBUG=1",
					"$(inherited)",
				);
				GCC_WARN_64_TO_32_BIT_CONVERSION = YES;
				GCC_WARN_ABOUT_RETURN_TYPE = YES_ERROR;
				GCC_WARN_UNDECLARED_SELECTOR = YES;
				GCC_WARN_UNINITIALIZED_AUTOS = YES_AGGRESSIVE;
				GCC_WARN_UNUSED_FUNCTION = YES;
				GCC_WARN_UNUSED_VARIABLE = YES;
				IPHONEOS_DEPLOYMENT_TARGET = 16.1;
				MTL_ENABLE_DEBUG_INFO = INCLUDE_SOURCE;
				MTL_FAST_MATH = YES;
				ONLY_ACTIVE_ARCH = YES;
				SDKROOT = iphoneos;
				SWIFT_ACTIVE_COMPILATION_CONDITIONS = DEBUG;
				SWIFT_OPTIMIZATION_LEVEL = "-Onone";
			};
			name = Debug;
		};
		322AC8EC296222B10040DBC3 /* Release */ = {
			isa = XCBuildConfiguration;
			buildSettings = {
				ALWAYS_SEARCH_USER_PATHS = NO;
				CLANG_ANALYZER_NONNULL = YES;
				CLANG_ANALYZER_NUMBER_OBJECT_CONVERSION = YES_AGGRESSIVE;
				CLANG_CXX_LANGUAGE_STANDARD = "gnu++20";
				CLANG_ENABLE_MODULES = YES;
				CLANG_ENABLE_OBJC_ARC = YES;
				CLANG_ENABLE_OBJC_WEAK = YES;
				CLANG_WARN_BLOCK_CAPTURE_AUTORELEASING = YES;
				CLANG_WARN_BOOL_CONVERSION = YES;
				CLANG_WARN_COMMA = YES;
				CLANG_WARN_CONSTANT_CONVERSION = YES;
				CLANG_WARN_DEPRECATED_OBJC_IMPLEMENTATIONS = YES;
				CLANG_WARN_DIRECT_OBJC_ISA_USAGE = YES_ERROR;
				CLANG_WARN_DOCUMENTATION_COMMENTS = YES;
				CLANG_WARN_EMPTY_BODY = YES;
				CLANG_WARN_ENUM_CONVERSION = YES;
				CLANG_WARN_INFINITE_RECURSION = YES;
				CLANG_WARN_INT_CONVERSION = YES;
				CLANG_WARN_NON_LITERAL_NULL_CONVERSION = YES;
				CLANG_WARN_OBJC_IMPLICIT_RETAIN_SELF = YES;
				CLANG_WARN_OBJC_LITERAL_CONVERSION = YES;
				CLANG_WARN_OBJC_ROOT_CLASS = YES_ERROR;
				CLANG_WARN_QUOTED_INCLUDE_IN_FRAMEWORK_HEADER = YES;
				CLANG_WARN_RANGE_LOOP_ANALYSIS = YES;
				CLANG_WARN_STRICT_PROTOTYPES = YES;
				CLANG_WARN_SUSPICIOUS_MOVE = YES;
				CLANG_WARN_UNGUARDED_AVAILABILITY = YES_AGGRESSIVE;
				CLANG_WARN_UNREACHABLE_CODE = YES;
				CLANG_WARN__DUPLICATE_METHOD_MATCH = YES;
				COPY_PHASE_STRIP = NO;
				DEBUG_INFORMATION_FORMAT = "dwarf-with-dsym";
				ENABLE_NS_ASSERTIONS = NO;
				ENABLE_STRICT_OBJC_MSGSEND = YES;
				GCC_C_LANGUAGE_STANDARD = gnu11;
				GCC_NO_COMMON_BLOCKS = YES;
				GCC_WARN_64_TO_32_BIT_CONVERSION = YES;
				GCC_WARN_ABOUT_RETURN_TYPE = YES_ERROR;
				GCC_WARN_UNDECLARED_SELECTOR = YES;
				GCC_WARN_UNINITIALIZED_AUTOS = YES_AGGRESSIVE;
				GCC_WARN_UNUSED_FUNCTION = YES;
				GCC_WARN_UNUSED_VARIABLE = YES;
				IPHONEOS_DEPLOYMENT_TARGET = 16.1;
				MTL_ENABLE_DEBUG_INFO = NO;
				MTL_FAST_MATH = YES;
				SDKROOT = iphoneos;
				SWIFT_COMPILATION_MODE = wholemodule;
				SWIFT_OPTIMIZATION_LEVEL = "-O";
				VALIDATE_PRODUCT = YES;
			};
			name = Release;
		};
		322AC8EE296222B10040DBC3 /* Debug */ = {
			isa = XCBuildConfiguration;
			buildSettings = {
				ASSETCATALOG_COMPILER_APPICON_NAME = AppIcon;
				ASSETCATALOG_COMPILER_GLOBAL_ACCENT_COLOR_NAME = AccentColor;
				CODE_SIGN_STYLE = Automatic;
				CURRENT_PROJECT_VERSION = 1;
				DEVELOPMENT_ASSET_PATHS = "\"ToDoPomodoros/Preview Content\"";
				DEVELOPMENT_TEAM = V92LW66S55;
				ENABLE_PREVIEWS = YES;
				GENERATE_INFOPLIST_FILE = YES;
				INFOPLIST_KEY_UIApplicationSceneManifest_Generation = YES;
				INFOPLIST_KEY_UIApplicationSupportsIndirectInputEvents = YES;
				INFOPLIST_KEY_UILaunchScreen_Generation = YES;
				INFOPLIST_KEY_UISupportedInterfaceOrientations_iPad = "UIInterfaceOrientationPortrait UIInterfaceOrientationPortraitUpsideDown UIInterfaceOrientationLandscapeLeft UIInterfaceOrientationLandscapeRight";
				INFOPLIST_KEY_UISupportedInterfaceOrientations_iPhone = "UIInterfaceOrientationPortrait UIInterfaceOrientationLandscapeLeft UIInterfaceOrientationLandscapeRight";
				LD_RUNPATH_SEARCH_PATHS = (
					"$(inherited)",
					"@executable_path/Frameworks",
				);
				MARKETING_VERSION = 1.0;
				PRODUCT_BUNDLE_IDENTIFIER = "com.a.sh.tahan-gmail.ToDoPomodoros";
				PRODUCT_NAME = "$(TARGET_NAME)";
				SWIFT_EMIT_LOC_STRINGS = YES;
				SWIFT_VERSION = 5.0;
				TARGETED_DEVICE_FAMILY = "1,2";
			};
			name = Debug;
		};
		322AC8EF296222B10040DBC3 /* Release */ = {
			isa = XCBuildConfiguration;
			buildSettings = {
				ASSETCATALOG_COMPILER_APPICON_NAME = AppIcon;
				ASSETCATALOG_COMPILER_GLOBAL_ACCENT_COLOR_NAME = AccentColor;
				CODE_SIGN_STYLE = Automatic;
				CURRENT_PROJECT_VERSION = 1;
				DEVELOPMENT_ASSET_PATHS = "\"ToDoPomodoros/Preview Content\"";
				DEVELOPMENT_TEAM = V92LW66S55;
				ENABLE_PREVIEWS = YES;
				GENERATE_INFOPLIST_FILE = YES;
				INFOPLIST_KEY_UIApplicationSceneManifest_Generation = YES;
				INFOPLIST_KEY_UIApplicationSupportsIndirectInputEvents = YES;
				INFOPLIST_KEY_UILaunchScreen_Generation = YES;
				INFOPLIST_KEY_UISupportedInterfaceOrientations_iPad = "UIInterfaceOrientationPortrait UIInterfaceOrientationPortraitUpsideDown UIInterfaceOrientationLandscapeLeft UIInterfaceOrientationLandscapeRight";
				INFOPLIST_KEY_UISupportedInterfaceOrientations_iPhone = "UIInterfaceOrientationPortrait UIInterfaceOrientationLandscapeLeft UIInterfaceOrientationLandscapeRight";
				LD_RUNPATH_SEARCH_PATHS = (
					"$(inherited)",
					"@executable_path/Frameworks",
				);
				MARKETING_VERSION = 1.0;
				PRODUCT_BUNDLE_IDENTIFIER = "com.a.sh.tahan-gmail.ToDoPomodoros";
				PRODUCT_NAME = "$(TARGET_NAME)";
				SWIFT_EMIT_LOC_STRINGS = YES;
				SWIFT_VERSION = 5.0;
				TARGETED_DEVICE_FAMILY = "1,2";
			};
			name = Release;
		};
/* End XCBuildConfiguration section */

/* Begin XCConfigurationList section */
		322AC8DA296222AB0040DBC3 /* Build configuration list for PBXProject "ToDoPomodoros" */ = {
			isa = XCConfigurationList;
			buildConfigurations = (
				322AC8EB296222B10040DBC3 /* Debug */,
				322AC8EC296222B10040DBC3 /* Release */,
			);
			defaultConfigurationIsVisible = 0;
			defaultConfigurationName = Release;
		};
		322AC8ED296222B10040DBC3 /* Build configuration list for PBXNativeTarget "ToDoPomodoros" */ = {
			isa = XCConfigurationList;
			buildConfigurations = (
				322AC8EE296222B10040DBC3 /* Debug */,
				322AC8EF296222B10040DBC3 /* Release */,
			);
			defaultConfigurationIsVisible = 0;
			defaultConfigurationName = Release;
		};
/* End XCConfigurationList section */

/* Begin XCVersionGroup section */
		32A43965297C44FF00A6ACB2 /* ToDoPomodorosModel.xcdatamodeld */ = {
			isa = XCVersionGroup;
			children = (
				32A43966297C44FF00A6ACB2 /* ToDoPomodorosModel.xcdatamodel */,
			);
			currentVersion = 32A43966297C44FF00A6ACB2 /* ToDoPomodorosModel.xcdatamodel */;
			path = ToDoPomodorosModel.xcdatamodeld;
			sourceTree = "<group>";
			versionGroupType = wrapper.xcdatamodel;
		};
/* End XCVersionGroup section */
	};
	rootObject = 322AC8D7296222AB0040DBC3 /* Project object */;
}
